
Microsoft Visual Studio Solution File, Format Version 12.00
# Visual Studio Version 17
VisualStudioVersion = 17.14.36705.20
MinimumVisualStudioVersion = 10.0.40219.1
Project("{2150E333-8FDC-42A3-9474-1A3956D46DE8}") = "Task0", "Task0", "{02EA681E-C7D8-13C7-8484-4AC65E1B71E8}"
EndProject
Project("{FAE04EC0-301F-11D3-BF4B-00C04F79EFBC}") = "Tyuiu.NazarovSV.Sprint4.Task0.V3", "Tyuiu.NazarovSV.Sprint4.Task0.V3\Tyuiu.NazarovSV.Sprint4.Task0.V3.csproj", "{E434E462-6E50-4138-9BD6-318E30E1BC52}"
EndProject
Project("{FAE04EC0-301F-11D3-BF4B-00C04F79EFBC}") = "Tyuiu.NazarovSV.Sprint4.Task0.V3.Lib", "Tyuiu.NazarovSV.Sprint4.Task0.V3.Lib\Tyuiu.NazarovSV.Sprint4.Task0.V3.Lib.csproj", "{246C4BF4-D747-49B6-A263-24FE7E86483F}"
EndProject
Project("{FAE04EC0-301F-11D3-BF4B-00C04F79EFBC}") = "Tyuiu.NazarovSV.Sprint4.Task0.V3.Test", "Tyuiu.NazarovSV.Sprint4.Task0.V3.Test\Tyuiu.NazarovSV.Sprint4.Task0.V3.Test.csproj", "{83DA5FBE-5ACE-46B7-965F-BC8239D6F9EF}"
EndProject
Project("{2150E333-8FDC-42A3-9474-1A3956D46DE8}") = "Task1", "Task1", "{BE52D050-A811-4659-9E58-7A6FB1B304ED}"
EndProject
Project("{FAE04EC0-301F-11D3-BF4B-00C04F79EFBC}") = "Tyuiu.NazarovSV.Sprint4.Task1.V7", "Tyuiu.NazarovSV.Sprint4.Task1.V7\Tyuiu.NazarovSV.Sprint4.Task1.V7.csproj", "{48920AF4-AEEA-4F37-86FC-8B1FB8FD1E2D}"
EndProject
Project("{FAE04EC0-301F-11D3-BF4B-00C04F79EFBC}") = "Tyuiu.NazarovSV.Sprint4.Task1.V7.Lib", "Tyuiu.NazarovSV.Sprint4.Task1.V7.Lib\Tyuiu.NazarovSV.Sprint4.Task1.V7.Lib.csproj", "{80DE7889-5F76-48CE-BB59-5999B3E50B80}"
EndProject
Project("{FAE04EC0-301F-11D3-BF4B-00C04F79EFBC}") = "Tyuiu.NazarovSV.Sprint4.Task1.V7.Test", "Tyuiu.NazarovSV.Sprint4.Task1.V7.Test\Tyuiu.NazarovSV.Sprint4.Task1.V7.Test.csproj", "{C8291B26-1523-4602-8214-8DD41863ACF2}"
EndProject
Project("{2150E333-8FDC-42A3-9474-1A3956D46DE8}") = "Task2", "Task2", "{4DD045E1-9AB0-41C3-9425-7A858AD210F3}"
EndProject
Project("{FAE04EC0-301F-11D3-BF4B-00C04F79EFBC}") = "Tyuiu.NazarovSV.Sprint4.Task2.V29", "Tyuiu.NazarovSV.Sprint4.Task2.V29\Tyuiu.NazarovSV.Sprint4.Task2.V29.csproj", "{009FA64E-E7CA-4435-88E2-80984B8F9800}"
EndProject
Project("{FAE04EC0-301F-11D3-BF4B-00C04F79EFBC}") = "Tyuiu.NazarovSV.Sprint4.Task2.V29.Lib", "Tyuiu.NazarovSV.Sprint4.Task2.V29.Lib\Tyuiu.NazarovSV.Sprint4.Task2.V29.Lib.csproj", "{404B6378-790D-4C46-A6B3-AD117101030C}"
EndProject
Project("{FAE04EC0-301F-11D3-BF4B-00C04F79EFBC}") = "Tyuiu.NazarovSV.Sprint4.Task2.V29.Test", "Tyuiu.NazarovSV.Sprint4.Task2.V29.Test\Tyuiu.NazarovSV.Sprint4.Task2.V29.Test.csproj", "{61E07C8E-35D4-49BA-A193-0FEBEE8F35D8}"
EndProject
Project("{2150E333-8FDC-42A3-9474-1A3956D46DE8}") = "task3", "task3", "{E3D489E7-77D3-4013-8967-FEF2ED24CEE5}"
EndProject
Project("{FAE04EC0-301F-11D3-BF4B-00C04F79EFBC}") = "Tyuiu.NazarovSV.Sprint4.Task3.V23", "Tyuiu.NazarovSV.Sprint4.Task3.V23\Tyuiu.NazarovSV.Sprint4.Task3.V23.csproj", "{7232D05E-36B0-42DE-BB6E-3F507BA50FB6}"
EndProject
Project("{FAE04EC0-301F-11D3-BF4B-00C04F79EFBC}") = "Tyuiu.NazarovSV.Sprint4.Task3.V23.Lib", "Tyuiu.NazarovSV.Sprint4.Task3.V23.Lib\Tyuiu.NazarovSV.Sprint4.Task3.V23.Lib.csproj", "{1C4BAF27-376F-4863-AE03-E19D481AAC5D}"
EndProject
Project("{FAE04EC0-301F-11D3-BF4B-00C04F79EFBC}") = "Tyuiu.NazarovSV.Sprint4.Task3.V23.Test", "Tyuiu.NazarovSV.Sprint4.Task3.V23.Test\Tyuiu.NazarovSV.Sprint4.Task3.V23.Test.csproj", "{2865CB30-0E22-4F28-A095-7BE4BAE4451B}"
EndProject
Project("{2150E333-8FDC-42A3-9474-1A3956D46DE8}") = "Task4", "Task4", "{18B26D98-96C4-49D4-935F-9D912063B7C3}"
EndProject
Project("{FAE04EC0-301F-11D3-BF4B-00C04F79EFBC}") = "Tyuiu.NazarovSV.Sprint4.Task4.V20", "Tyuiu.NazarovSV.Sprint4.Task4.V20\Tyuiu.NazarovSV.Sprint4.Task4.V20.csproj", "{F767F387-1F5F-4184-AEC3-C23E7D6C7E1C}"
EndProject
Project("{FAE04EC0-301F-11D3-BF4B-00C04F79EFBC}") = "Tyuiu.NazarovSV.Sprint4.Task4.V20.Lib", "Tyuiu.NazarovSV.Sprint4.Task4.V20.Lib\Tyuiu.NazarovSV.Sprint4.Task4.V20.Lib.csproj", "{5C76971F-5789-42AE-B18F-A7B9B314528E}"
EndProject
Project("{FAE04EC0-301F-11D3-BF4B-00C04F79EFBC}") = "Tyuiu.NazarovSV.Sprint4.Task4.V20.Test", "Tyuiu.NazarovSV.Sprint4.Task4.V20.Test\Tyuiu.NazarovSV.Sprint4.Task4.V20.Test.csproj", "{9459ABF8-FAF9-4554-89C0-5EB41D468F09}"
EndProject
Global
	GlobalSection(SolutionConfigurationPlatforms) = preSolution
		Debug|Any CPU = Debug|Any CPU
		Release|Any CPU = Release|Any CPU
	EndGlobalSection
	GlobalSection(ProjectConfigurationPlatforms) = postSolution
		{E434E462-6E50-4138-9BD6-318E30E1BC52}.Debug|Any CPU.ActiveCfg = Debug|Any CPU
		{E434E462-6E50-4138-9BD6-318E30E1BC52}.Debug|Any CPU.Build.0 = Debug|Any CPU
		{E434E462-6E50-4138-9BD6-318E30E1BC52}.Release|Any CPU.ActiveCfg = Release|Any CPU
		{E434E462-6E50-4138-9BD6-318E30E1BC52}.Release|Any CPU.Build.0 = Release|Any CPU
		{246C4BF4-D747-49B6-A263-24FE7E86483F}.Debug|Any CPU.ActiveCfg = Debug|Any CPU
		{246C4BF4-D747-49B6-A263-24FE7E86483F}.Debug|Any CPU.Build.0 = Debug|Any CPU
		{246C4BF4-D747-49B6-A263-24FE7E86483F}.Release|Any CPU.ActiveCfg = Release|Any CPU
		{246C4BF4-D747-49B6-A263-24FE7E86483F}.Release|Any CPU.Build.0 = Release|Any CPU
		{83DA5FBE-5ACE-46B7-965F-BC8239D6F9EF}.Debug|Any CPU.ActiveCfg = Debug|Any CPU
		{83DA5FBE-5ACE-46B7-965F-BC8239D6F9EF}.Debug|Any CPU.Build.0 = Debug|Any CPU
		{83DA5FBE-5ACE-46B7-965F-BC8239D6F9EF}.Release|Any CPU.ActiveCfg = Release|Any CPU
		{83DA5FBE-5ACE-46B7-965F-BC8239D6F9EF}.Release|Any CPU.Build.0 = Release|Any CPU
		{48920AF4-AEEA-4F37-86FC-8B1FB8FD1E2D}.Debug|Any CPU.ActiveCfg = Debug|Any CPU
		{48920AF4-AEEA-4F37-86FC-8B1FB8FD1E2D}.Debug|Any CPU.Build.0 = Debug|Any CPU
		{48920AF4-AEEA-4F37-86FC-8B1FB8FD1E2D}.Release|Any CPU.ActiveCfg = Release|Any CPU
		{48920AF4-AEEA-4F37-86FC-8B1FB8FD1E2D}.Release|Any CPU.Build.0 = Release|Any CPU
		{80DE7889-5F76-48CE-BB59-5999B3E50B80}.Debug|Any CPU.ActiveCfg = Debug|Any CPU
		{80DE7889-5F76-48CE-BB59-5999B3E50B80}.Debug|Any CPU.Build.0 = Debug|Any CPU
		{80DE7889-5F76-48CE-BB59-5999B3E50B80}.Release|Any CPU.ActiveCfg = Release|Any CPU
		{80DE7889-5F76-48CE-BB59-5999B3E50B80}.Release|Any CPU.Build.0 = Release|Any CPU
		{C8291B26-1523-4602-8214-8DD41863ACF2}.Debug|Any CPU.ActiveCfg = Debug|Any CPU
		{C8291B26-1523-4602-8214-8DD41863ACF2}.Debug|Any CPU.Build.0 = Debug|Any CPU
		{C8291B26-1523-4602-8214-8DD41863ACF2}.Release|Any CPU.ActiveCfg = Release|Any CPU
		{C8291B26-1523-4602-8214-8DD41863ACF2}.Release|Any CPU.Build.0 = Release|Any CPU
		{009FA64E-E7CA-4435-88E2-80984B8F9800}.Debug|Any CPU.ActiveCfg = Debug|Any CPU
		{009FA64E-E7CA-4435-88E2-80984B8F9800}.Debug|Any CPU.Build.0 = Debug|Any CPU
		{009FA64E-E7CA-4435-88E2-80984B8F9800}.Release|Any CPU.ActiveCfg = Release|Any CPU
		{009FA64E-E7CA-4435-88E2-80984B8F9800}.Release|Any CPU.Build.0 = Release|Any CPU
		{404B6378-790D-4C46-A6B3-AD117101030C}.Debug|Any CPU.ActiveCfg = Debug|Any CPU
		{404B6378-790D-4C46-A6B3-AD117101030C}.Debug|Any CPU.Build.0 = Debug|Any CPU
		{404B6378-790D-4C46-A6B3-AD117101030C}.Release|Any CPU.ActiveCfg = Release|Any CPU
		{404B6378-790D-4C46-A6B3-AD117101030C}.Release|Any CPU.Build.0 = Release|Any CPU
		{61E07C8E-35D4-49BA-A193-0FEBEE8F35D8}.Debug|Any CPU.ActiveCfg = Debug|Any CPU
		{61E07C8E-35D4-49BA-A193-0FEBEE8F35D8}.Debug|Any CPU.Build.0 = Debug|Any CPU
		{61E07C8E-35D4-49BA-A193-0FEBEE8F35D8}.Release|Any CPU.ActiveCfg = Release|Any CPU
		{61E07C8E-35D4-49BA-A193-0FEBEE8F35D8}.Release|Any CPU.Build.0 = Release|Any CPU
		{7232D05E-36B0-42DE-BB6E-3F507BA50FB6}.Debug|Any CPU.ActiveCfg = Debug|Any CPU
		{7232D05E-36B0-42DE-BB6E-3F507BA50FB6}.Debug|Any CPU.Build.0 = Debug|Any CPU
		{7232D05E-36B0-42DE-BB6E-3F507BA50FB6}.Release|Any CPU.ActiveCfg = Release|Any CPU
		{7232D05E-36B0-42DE-BB6E-3F507BA50FB6}.Release|Any CPU.Build.0 = Release|Any CPU
		{1C4BAF27-376F-4863-AE03-E19D481AAC5D}.Debug|Any CPU.ActiveCfg = Debug|Any CPU
		{1C4BAF27-376F-4863-AE03-E19D481AAC5D}.Debug|Any CPU.Build.0 = Debug|Any CPU
		{1C4BAF27-376F-4863-AE03-E19D481AAC5D}.Release|Any CPU.ActiveCfg = Release|Any CPU
		{1C4BAF27-376F-4863-AE03-E19D481AAC5D}.Release|Any CPU.Build.0 = Release|Any CPU
		{2865CB30-0E22-4F28-A095-7BE4BAE4451B}.Debug|Any CPU.ActiveCfg = Debug|Any CPU
		{2865CB30-0E22-4F28-A095-7BE4BAE4451B}.Debug|Any CPU.Build.0 = Debug|Any CPU
		{2865CB30-0E22-4F28-A095-7BE4BAE4451B}.Release|Any CPU.ActiveCfg = Release|Any CPU
		{2865CB30-0E22-4F28-A095-7BE4BAE4451B}.Release|Any CPU.Build.0 = Release|Any CPU
		{F767F387-1F5F-4184-AEC3-C23E7D6C7E1C}.Debug|Any CPU.ActiveCfg = Debug|Any CPU
		{F767F387-1F5F-4184-AEC3-C23E7D6C7E1C}.Debug|Any CPU.Build.0 = Debug|Any CPU
		{F767F387-1F5F-4184-AEC3-C23E7D6C7E1C}.Release|Any CPU.ActiveCfg = Release|Any CPU
		{F767F387-1F5F-4184-AEC3-C23E7D6C7E1C}.Release|Any CPU.Build.0 = Release|Any CPU
		{5C76971F-5789-42AE-B18F-A7B9B314528E}.Debug|Any CPU.ActiveCfg = Debug|Any CPU
		{5C76971F-5789-42AE-B18F-A7B9B314528E}.Debug|Any CPU.Build.0 = Debug|Any CPU
		{5C76971F-5789-42AE-B18F-A7B9B314528E}.Release|Any CPU.ActiveCfg = Release|Any CPU
		{5C76971F-5789-42AE-B18F-A7B9B314528E}.Release|Any CPU.Build.0 = Release|Any CPU
		{9459ABF8-FAF9-4554-89C0-5EB41D468F09}.Debug|Any CPU.ActiveCfg = Debug|Any CPU
		{9459ABF8-FAF9-4554-89C0-5EB41D468F09}.Debug|Any CPU.Build.0 = Debug|Any CPU
		{9459ABF8-FAF9-4554-89C0-5EB41D468F09}.Release|Any CPU.ActiveCfg = Release|Any CPU
		{9459ABF8-FAF9-4554-89C0-5EB41D468F09}.Release|Any CPU.Build.0 = Release|Any CPU
	EndGlobalSection
	GlobalSection(SolutionProperties) = preSolution
		HideSolutionNode = FALSE
	EndGlobalSection
	GlobalSection(NestedProjects) = preSolution
		{E434E462-6E50-4138-9BD6-318E30E1BC52} = {02EA681E-C7D8-13C7-8484-4AC65E1B71E8}
		{246C4BF4-D747-49B6-A263-24FE7E86483F} = {02EA681E-C7D8-13C7-8484-4AC65E1B71E8}
		{83DA5FBE-5ACE-46B7-965F-BC8239D6F9EF} = {02EA681E-C7D8-13C7-8484-4AC65E1B71E8}
		{48920AF4-AEEA-4F37-86FC-8B1FB8FD1E2D} = {BE52D050-A811-4659-9E58-7A6FB1B304ED}
		{80DE7889-5F76-48CE-BB59-5999B3E50B80} = {BE52D050-A811-4659-9E58-7A6FB1B304ED}
		{C8291B26-1523-4602-8214-8DD41863ACF2} = {BE52D050-A811-4659-9E58-7A6FB1B304ED}
		{009FA64E-E7CA-4435-88E2-80984B8F9800} = {4DD045E1-9AB0-41C3-9425-7A858AD210F3}
		{404B6378-790D-4C46-A6B3-AD117101030C} = {4DD045E1-9AB0-41C3-9425-7A858AD210F3}
		{61E07C8E-35D4-49BA-A193-0FEBEE8F35D8} = {4DD045E1-9AB0-41C3-9425-7A858AD210F3}
		{7232D05E-36B0-42DE-BB6E-3F507BA50FB6} = {E3D489E7-77D3-4013-8967-FEF2ED24CEE5}
		{1C4BAF27-376F-4863-AE03-E19D481AAC5D} = {E3D489E7-77D3-4013-8967-FEF2ED24CEE5}
		{2865CB30-0E22-4F28-A095-7BE4BAE4451B} = {E3D489E7-77D3-4013-8967-FEF2ED24CEE5}
		{F767F387-1F5F-4184-AEC3-C23E7D6C7E1C} = {18B26D98-96C4-49D4-935F-9D912063B7C3}
		{5C76971F-5789-42AE-B18F-A7B9B314528E} = {18B26D98-96C4-49D4-935F-9D912063B7C3}
		{9459ABF8-FAF9-4554-89C0-5EB41D468F09} = {18B26D98-96C4-49D4-935F-9D912063B7C3}
	EndGlobalSection
	GlobalSection(ExtensibilityGlobals) = postSolution
		SolutionGuid = {FEF03493-CB4D-43EE-9B1F-B5182757E6CB}
	EndGlobalSection
EndGlobal
